# This file is automatically @generated by Cargo.
# It is not intended for manual editing.
version = 4

[[package]]
name = "documentation"
version = "1.0.0"

[[package]]
name = "errors"
version = "1.0.0"

[[package]]
name = "idiomatic"
version = "1.0.0"

[[package]]
name = "iterators"
version = "1.0.0"

[[package]]
name = "traits"
version = "1.0.0"
